
Microsoft Visual Studio Solution File, Format Version 12.00
# Visual Studio 2013
VisualStudioVersion = 12.0.21005.1
MinimumVisualStudioVersion = 10.0.40219.1
Project("{FAE04EC0-301F-11D3-BF4B-00C04F79EFBC}") = "EnfinitumAeon2", "EnfinitumAeon2\EnfinitumAeon2\EnfinitumAeon2.csproj", "{D7D67963-6C10-45C7-803F-B7D276A050DD}"
EndProject
Project("{96E2B04D-8817-42C6-938A-82C39BA4D311}") = "EnfinitumAeon2Content", "EnfinitumAeon2\EnfinitumAeon2Content\EnfinitumAeon2Content.contentproj", "{9977809E-BBA1-4DD5-AEC5-D71E0A1535C4}"
EndProject
Global
	GlobalSection(SolutionConfigurationPlatforms) = preSolution
		Debug|x86 = Debug|x86
		Release|x86 = Release|x86
	EndGlobalSection
	GlobalSection(ProjectConfigurationPlatforms) = postSolution
		{D7D67963-6C10-45C7-803F-B7D276A050DD}.Debug|x86.ActiveCfg = Debug|x86
		{D7D67963-6C10-45C7-803F-B7D276A050DD}.Debug|x86.Build.0 = Debug|x86
		{D7D67963-6C10-45C7-803F-B7D276A050DD}.Release|x86.ActiveCfg = Release|x86
		{D7D67963-6C10-45C7-803F-B7D276A050DD}.Release|x86.Build.0 = Release|x86
		{9977809E-BBA1-4DD5-AEC5-D71E0A1535C4}.Debug|x86.ActiveCfg = Debug|x86
		{9977809E-BBA1-4DD5-AEC5-D71E0A1535C4}.Release|x86.ActiveCfg = Release|x86
	EndGlobalSection
	GlobalSection(SolutionProperties) = preSolution
		HideSolutionNode = FALSE
	EndGlobalSection
EndGlobal
